dependencies:
- name: common
  repository: oci://registry-1.docker.io/bitnamicharts
  version: 2.38.0
- name: seqera-common
  repository: file://../../../seqera-common
  version: 2.1.1
digest: sha256:da56f594fa5462d454cf272386947bb8a4797df50c287d0130790b1a8b846f86
generated: "2026-04-30T15:37:57.354532523+02:00"
