dependencies:
- name: common
  repository: oci://registry-1.docker.io/bitnamicharts
  version: 2.40.0
- name: seqera-common
  repository: file://../../../seqera-common
  version: 2.1.2
digest: sha256:c32497a216446a0420343b4dc90d289f834f54aba4dcaa8030b4b1ff81ed41ef
generated: "2026-06-01T11:43:04.315892541+02:00"
