dependencies:
- name: common
  repository: oci://registry-1.docker.io/bitnamicharts
  version: 2.38.0
- name: seqera-common
  repository: file://../../../seqera-common
  version: 2.1.2
digest: sha256:4d1319075460f2901b92a5aa964db5992673e65275005b33671b597179c47c83
generated: "2026-04-30T17:18:37.887535625+02:00"
