dependencies:
- name: common
  repository: oci://registry-1.docker.io/bitnamicharts
  version: 2.38.0
- name: seqera-common
  repository: file://../../../seqera-common
  version: 2.0.2
digest: sha256:7b111521a34004487a6f8885db9475d1bbd8bd4d92cfc49cb2e6cca80b1571e2
generated: "2026-04-08T10:48:46.366378367+02:00"
