dependencies:
- name: common
  repository: oci://registry-1.docker.io/bitnamicharts
  version: 2.36.0
- name: seqera-common
  repository: file://../../../seqera-common
  version: 2.0.0
digest: sha256:5fdb2f7f79360780f1d07ca39adba58862ba86924c47495a02b4cb7d50c1ae30
generated: "2026-02-20T16:39:56.805764897+01:00"
