dependencies:
- name: common
  repository: oci://registry-1.docker.io/bitnamicharts
  version: 2.37.0
- name: seqera-common
  repository: file://../../../seqera-common
  version: 2.0.1
digest: sha256:43b86a4e07dc89877d15a1b55b233c7f787591a1eb6c2dc477bf631529fb9943
generated: "2026-03-27T11:35:38.623614898+01:00"
