dependencies:
- name: common
  repository: oci://registry-1.docker.io/bitnamicharts
  version: 2.38.0
- name: seqera-common
  repository: file://../../../seqera-common
  version: 2.1.1
digest: sha256:ce02e7a0f1f7ded086daa13cd2fd8d6850f75f7984f14d06dfe35d729924ff2d
generated: "2026-04-30T15:38:55.348142126+02:00"
