dependencies:
- name: common
  repository: oci://registry-1.docker.io/bitnamicharts
  version: 2.41.0
- name: seqera-common
  repository: file://../../../seqera-common
  version: 3.1.0
digest: sha256:58d8a1914f755d09dec53e9f2ca4c41b4e957b4ddd1acdb6e6413ac52f75d2df
generated: "2026-07-27T16:35:21.302474+01:00"
