dependencies:
- name: common
  repository: oci://registry-1.docker.io/bitnamicharts
  version: 2.38.0
- name: seqera-common
  repository: file://../../../seqera-common
  version: 2.0.0
digest: sha256:dc8d2d8ce6e70b6d4bb6675a5981fc96349dd5ed678654c1742fae71cdc9d159
generated: "2026-03-31T16:01:44.159040504+02:00"
