dependencies:
- name: common
  repository: oci://registry-1.docker.io/bitnamicharts
  version: 2.39.0
- name: seqera-common
  repository: file://../../../seqera-common
  version: 2.1.2
digest: sha256:3eac4511073f329f614981ce9b91e6cdda035aa007a3aeecd7069958c9ede539
generated: "2026-05-05T14:17:14.074321992+02:00"
