dependencies:
- name: common
  repository: oci://registry-1.docker.io/bitnamicharts
  version: 2.41.0
- name: seqera-common
  repository: file://../../../seqera-common
  version: 3.1.0
digest: sha256:a4b78ffdfeae607b2d5f4f07da5a8ad438100da87ce0a2073211509e6a1ac29f
generated: "2026-07-27T16:35:14.046846+01:00"
