dependencies:
- name: common
  repository: oci://registry-1.docker.io/bitnamicharts
  version: 2.39.0
- name: seqera-common
  repository: file://../seqera-common
  version: 2.1.2
- name: pipeline-optimization
  repository: file://charts/pipeline-optimization
  version: 2.0.8
- name: studios
  repository: file://charts/studios
  version: 1.4.1
- name: wave
  repository: file://charts/wave
  version: 0.2.2
- name: mcp
  repository: file://charts/mcp
  version: 0.4.1
- name: agent-backend
  repository: file://charts/agent-backend
  version: 1.0.1
- name: portal-web
  repository: file://charts/portal-web
  version: 0.3.2
digest: sha256:13bf2abdc12ad0782eab052065837ee5b5edee59ae03fc8d2b3bc576548475b1
generated: "2026-05-12T12:30:11.733560019+02:00"
