dependencies:
- name: common
  repository: oci://registry-1.docker.io/bitnamicharts
  version: 2.34.0
- name: seqera-common
  repository: file://../../../seqera-common
  version: 1.1.1
digest: sha256:094579925be4e62dd256f43a4adb2f678ec7db06d3231735a2af4ab02d2b6380
generated: "2026-02-06T12:39:06.143445389+01:00"
