dependencies:
- name: common
  repository: oci://registry-1.docker.io/bitnamicharts
  version: 2.36.0
- name: seqera-common
  repository: file://../seqera-common
  version: 2.0.0
- name: pipeline-optimization
  repository: file://charts/pipeline-optimization
  version: 0.3.0
- name: studios
  repository: file://charts/studios
  version: 1.2.0
- name: agent-backend
  repository: file://charts/agent-backend
  version: 0.2.0
digest: sha256:09946c9e87f76b22221303eb6eb4426f783820044fb7549b4e560789ca887bf1
generated: "2026-02-20T16:39:39.114677304+01:00"
