dependencies:
- name: common
  repository: oci://registry-1.docker.io/bitnamicharts
  version: 2.34.0
- name: seqera-common
  repository: file://../seqera-common
  version: 1.1.1
- name: pipeline-optimization
  repository: file://charts/pipeline-optimization
  version: 0.2.4
- name: studios
  repository: file://charts/studios
  version: 1.1.4
- name: agent-backend
  repository: file://charts/agent-backend
  version: 0.1.0
digest: sha256:154804f1b88bb9ce003659bdb824e5adea3fb3a3c0afad6b66309f2645de94d1
generated: "2026-02-09T12:50:35.986816183+01:00"
