dependencies:
- name: common
  repository: oci://registry-1.docker.io/bitnamicharts
  version: 2.40.0
- name: seqera-common
  repository: file://../../../seqera-common
  version: 2.1.4
digest: sha256:472269afe625b0c68a2ce5337c4d4ef4f169c61990a0132afe211dbdebbb2b4a
generated: "2026-06-10T11:23:51.924599303+02:00"
