dependencies:
- name: common
  repository: oci://registry-1.docker.io/bitnamicharts
  version: 2.41.0
- name: seqera-common
  repository: file://../../../seqera-common
  version: 3.0.0
digest: sha256:e42fae8c59a4a9bdc582478c6f4a5955ea9ea9c985d0f9142f31c97196cf2642
generated: "2026-07-10T16:58:48.427447775+02:00"
