dependencies:
- name: common
  repository: oci://registry-1.docker.io/bitnamicharts
  version: 2.40.0
- name: seqera-common
  repository: file://../../../seqera-common
  version: 2.1.6
digest: sha256:a9aadb65b5f908c78973dc5dd1c9f88636b7af59fcb83b63fe78aa80575d0cd8
generated: "2026-06-24T11:04:08.474619217+02:00"
